// !$*UTF8*$!
{
	archiveVersion = 1;
	classes = {
	};
	objectVersion = 50;
	objects = {

/* Begin PBXBuildFile section */
		47FF9CDB2688191200D3407E /* AppDelegate.swift in Sources */ = {isa = PBXBuildFile; fileRef = 47FF9CDA2688191200D3407E /* AppDelegate.swift */; };
		47FF9CDD2688191200D3407E /* SceneDelegate.swift in Sources */ = {isa = PBXBuildFile; fileRef = 47FF9CDC2688191200D3407E /* SceneDelegate.swift */; };
		47FF9CDF2688191200D3407E /* ViewController.swift in Sources */ = {isa = PBXBuildFile; fileRef = 47FF9CDE2688191200D3407E /* ViewController.swift */; };
		47FF9CE22688191200D3407E /* Main.storyboard in Resources */ = {isa = PBXBuildFile; fileRef = 47FF9CE02688191200D3407E /* Main.storyboard */; };
		47FF9CE42688191500D3407E /* Assets.xcassets in Resources */ = {isa = PBXBuildFile; fileRef = 47FF9CE32688191500D3407E /* Assets.xcassets */; };
		47FF9CE72688191500D3407E /* LaunchScreen.storyboard in Resources */ = {isa = PBXBuildFile; fileRef = 47FF9CE52688191500D3407E /* LaunchScreen.storyboard */; };
		47FF9CF22688191500D3407E /* TaxconverterTests.swift in Sources */ = {isa = PBXBuildFile; fileRef = 47FF9CF12688191500D3407E /* TaxconverterTests.swift */; };
		47FF9CFD2688191500D3407E /* TaxconverterUITests.swift in Sources */ = {isa = PBXBuildFile; fileRef = 47FF9CFC2688191500D3407E /* TaxconverterUITests.swift */; };
/* End PBXBuildFile section */

/* Begin PBXContainerItemProxy section */
		47FF9CEE2688191500D3407E /* PBXContainerItemProxy */ = {
			isa = PBXContainerItemProxy;
			containerPortal = 47FF9CCF2688191200D3407E /* Project object */;
			proxyType = 1;
			remoteGlobalIDString = 47FF9CD62688191200D3407E;
			remoteInfo = Taxconverter;
		};
		47FF9CF92688191500D3407E /* PBXContainerItemProxy */ = {
			isa = PBXContainerItemProxy;
			containerPortal = 47FF9CCF2688191200D3407E /* Project object */;
			proxyType = 1;
			remoteGlobalIDString = 47FF9CD62688191200D3407E;
			remoteInfo = Taxconverter;
		};
/* End PBXContainerItemProxy section */

/* Begin PBXFileReference section */
		47FF9CD72688191200D3407E /* Taxconverter.app */ = {isa = PBXFileReference; explicitFileType = wrapper.application; includeInIndex = 0; path = Taxconverter.app; sourceTree = BUILT_PRODUCTS_DIR; };
		47FF9CDA2688191200D3407E /* AppDelegate.swift */ = {isa = PBXFileReference; lastKnownFileType = sourcecode.swift; path = AppDelegate.swift; sourceTree = "<group>"; };
		47FF9CDC2688191200D3407E /* SceneDelegate.swift */ = {isa = PBXFileReference; lastKnownFileType = sourcecode.swift; path = SceneDelegate.swift; sourceTree = "<group>"; };
		47FF9CDE2688191200D3407E /* ViewController.swift */ = {isa = PBXFileReference; lastKnownFileType = sourcecode.swift; path = ViewController.swift; sourceTree = "<group>"; };
		47FF9CE12688191200D3407E /* Base */ = {isa = PBXFileReference; lastKnownFileType = file.storyboard; name = Base; path = Base.lproj/Main.storyboard; sourceTree = "<group>"; };
		47FF9CE32688191500D3407E /* Assets.xcassets */ = {isa = PBXFileReference; lastKnownFileType = folder.assetcatalog; path = Assets.xcassets; sourceTree = "<group>"; };
		47FF9CE62688191500D3407E /* Base */ = {isa = PBXFileReference; lastKnownFileType = file.storyboard; name = Base; path = Base.lproj/LaunchScreen.storyboard; sourceTree = "<group>"; };
		47FF9CE82688191500D3407E /* Info.plist */ = {isa = PBXFileReference; lastKnownFileType = text.plist.xml; path = Info.plist; sourceTree = "<group>"; };
		47FF9CED2688191500D3407E /* TaxconverterTests.xctest */ = {isa = PBXFileReference; explicitFileType = wrapper.cfbundle; includeInIndex = 0; path = TaxconverterTests.xctest; sourceTree = BUILT_PRODUCTS_DIR; };
		47FF9CF12688191500D3407E /* TaxconverterTests.swift */ = {isa = PBXFileReference; lastKnownFileType = sourcecode.swift; path = TaxconverterTests.swift; sourceTree = "<group>"; };
		47FF9CF32688191500D3407E /* Info.plist */ = {isa = PBXFileReference; lastKnownFileType = text.plist.xml; path = Info.plist; sourceTree = "<group>"; };
		47FF9CF82688191500D3407E /* TaxconverterUITests.xctest */ = {isa = PBXFileReference; explicitFileType = wrapper.cfbundle; includeInIndex = 0; path = TaxconverterUITests.xctest; sourceTree = BUILT_PRODUCTS_DIR; };
		47FF9CFC2688191500D3407E /* TaxconverterUITests.swift */ = {isa = PBXFileReference; lastKnownFileType = sourcecode.swift; path = TaxconverterUITests.swift; sourceTree = "<group>"; };
		47FF9CFE2688191500D3407E /* Info.plist */ = {isa = PBXFileReference; lastKnownFileType = text.plist.xml; path = Info.plist; sourceTree = "<group>"; };
/* End PBXFileReference section */

/* Begin PBXFrameworksBuildPhase section */
		47FF9CD42688191200D3407E /* Frameworks */ = {
			isa = PBXFrameworksBuildPhase;
			buildActionMask = 2147483647;
			files = (
			);
			runOnlyForDeploymentPostprocessing = 0;
		};
		47FF9CEA2688191500D3407E /* Frameworks */ = {
			isa = PBXFrameworksBuildPhase;
			buildActionMask = 2147483647;
			files = (
			);
			runOnlyForDeploymentPostprocessing = 0;
		};
		47FF9CF52688191500D3407E /* Frameworks */ = {
			isa = PBXFrameworksBuildPhase;
			buildActionMask = 2147483647;
			files = (
			);
			runOnlyForDeploymentPostprocessing = 0;
		};
/* End PBXFrameworksBuildPhase section */

/* Begin PBXGroup section */
		47FF9CCE2688191200D3407E = {
			isa = PBXGroup;
			children = (
				47FF9CD92688191200D3407E /* Taxconverter */,
				47FF9CF02688191500D3407E /* TaxconverterTests */,
				47FF9CFB2688191500D3407E /* TaxconverterUITests */,
				47FF9CD82688191200D3407E /* Products */,
			);
			sourceTree = "<group>";
		};
		47FF9CD82688191200D3407E /* Products */ = {
			isa = PBXGroup;
			children = (
				47FF9CD72688191200D3407E /* Taxconverter.app */,
				47FF9CED2688191500D3407E /* TaxconverterTests.xctest */,
				47FF9CF82688191500D3407E /* TaxconverterUITests.xctest */,
			);
			name = Products;
			sourceTree = "<group>";
		};
		47FF9CD92688191200D3407E /* Taxconverter */ = {
			isa = PBXGroup;
			children = (
				47FF9CDA2688191200D3407E /* AppDelegate.swift */,
				47FF9CDC2688191200D3407E /* SceneDelegate.swift */,
				47FF9CDE2688191200D3407E /* ViewController.swift */,
				47FF9CE02688191200D3407E /* Main.storyboard */,
				47FF9CE32688191500D3407E /* Assets.xcassets */,
				47FF9CE52688191500D3407E /* LaunchScreen.storyboard */,
				47FF9CE82688191500D3407E /* Info.plist */,
			);
			path = Taxconverter;
			sourceTree = "<group>";
		};
		47FF9CF02688191500D3407E /* TaxconverterTests */ = {
			isa = PBXGroup;
			children = (
				47FF9CF12688191500D3407E /* TaxconverterTests.swift */,
				47FF9CF32688191500D3407E /* Info.plist */,
			);
			path = TaxconverterTests;
			sourceTree = "<group>";
		};
		47FF9CFB2688191500D3407E /* TaxconverterUITests */ = {
			isa = PBXGroup;
			children = (
				47FF9CFC2688191500D3407E /* TaxconverterUITests.swift */,
				47FF9CFE2688191500D3407E /* Info.plist */,
			);
			path = TaxconverterUITests;
			sourceTree = "<group>";
		};
/* End PBXGroup section */

/* Begin PBXNativeTarget section */
		47FF9CD62688191200D3407E /* Taxconverter */ = {
			isa = PBXNativeTarget;
			buildConfigurationList = 47FF9D012688191500D3407E /* Build configuration list for PBXNativeTarget "Taxconverter" */;
			buildPhases = (
				47FF9CD32688191200D3407E /* Sources */,
				47FF9CD42688191200D3407E /* Frameworks */,
				47FF9CD52688191200D3407E /* Resources */,
			);
			buildRules = (
			);
			dependencies = (
			);
			name = Taxconverter;
			productName = Taxconverter;
			productReference = 47FF9CD72688191200D3407E /* Taxconverter.app */;
			productType = "com.apple.product-type.application";
		};
		47FF9CEC2688191500D3407E /* TaxconverterTests */ = {
			isa = PBXNativeTarget;
			buildConfigurationList = 47FF9D042688191500D3407E /* Build configuration list for PBXNativeTarget "TaxconverterTests" */;
			buildPhases = (
				47FF9CE92688191500D3407E /* Sources */,
				47FF9CEA2688191500D3407E /* Frameworks */,
				47FF9CEB2688191500D3407E /* Resources */,
			);
			buildRules = (
			);
			dependencies = (
				47FF9CEF2688191500D3407E /* PBXTargetDependency */,
			);
			name = TaxconverterTests;
			productName = TaxconverterTests;
			productReference = 47FF9CED2688191500D3407E /* TaxconverterTests.xctest */;
			productType = "com.apple.product-type.bundle.unit-test";
		};
		47FF9CF72688191500D3407E /* TaxconverterUITests */ = {
			isa = PBXNativeTarget;
			buildConfigurationList = 47FF9D072688191500D3407E /* Build configuration list for PBXNativeTarget "TaxconverterUITests" */;
			buildPhases = (
				47FF9CF42688191500D3407E /* Sources */,
				47FF9CF52688191500D3407E /* Frameworks */,
				47FF9CF62688191500D3407E /* Resources */,
			);
			buildRules = (
			);
			dependencies = (
				47FF9CFA2688191500D3407E /* PBXTargetDependency */,
			);
			name = TaxconverterUITests;
			productName = TaxconverterUITests;
			productReference = 47FF9CF82688191500D3407E /* TaxconverterUITests.xctest */;
			productType = "com.apple.product-type.bundle.ui-testing";
		};
/* End PBXNativeTarget section */

/* Begin PBXProject section */
		47FF9CCF2688191200D3407E /* Project object */ = {
			isa = PBXProject;
			attributes = {
				LastSwiftUpdateCheck = 1250;
				LastUpgradeCheck = 1250;
				TargetAttributes = {
					47FF9CD62688191200D3407E = {
						CreatedOnToolsVersion = 12.5.1;
					};
					47FF9CEC2688191500D3407E = {
						CreatedOnToolsVersion = 12.5.1;
						TestTargetID = 47FF9CD62688191200D3407E;
					};
					47FF9CF72688191500D3407E = {
						CreatedOnToolsVersion = 12.5.1;
						TestTargetID = 47FF9CD62688191200D3407E;
					};
				};
			};
			buildConfigurationList = 47FF9CD22688191200D3407E /* Build configuration list for PBXProject "Taxconverter" */;
			compatibilityVersion = "Xcode 9.3";
			developmentRegion = en;
			hasScannedForEncodings = 0;
			knownRegions = (
				en,
				Base,
			);
			mainGroup = 47FF9CCE2688191200D3407E;
			productRefGroup = 47FF9CD82688191200D3407E /* Products */;
			projectDirPath = "";
			projectRoot = "";
			targets = (
				47FF9CD62688191200D3407E /* Taxconverter */,
				47FF9CEC2688191500D3407E /* TaxconverterTests */,
				47FF9CF72688191500D3407E /* TaxconverterUITests */,
			);
		};
/* End PBXProject section */

/* Begin PBXResourcesBuildPhase section */
		47FF9CD52688191200D3407E /* Resources */ = {
			isa = PBXResourcesBuildPhase;
			buildActionMask = 2147483647;
			files = (
				47FF9CE72688191500D3407E /* LaunchScreen.storyboard in Resources */,
				47FF9CE42688191500D3407E /* Assets.xcassets in Resources */,
				47FF9CE22688191200D3407E /* Main.storyboard in Resources */,
			);
			runOnlyForDeploymentPostprocessing = 0;
		};
		47FF9CEB2688191500D3407E /* Resources */ = {
			isa = PBXResourcesBuildPhase;
			buildActionMask = 2147483647;
			files = (
			);
			runOnlyForDeploymentPostprocessing = 0;
		};
		47FF9CF62688191500D3407E /* Resources */ = {
			isa = PBXResourcesBuildPhase;
			buildActionMask = 2147483647;
			files = (
			);
			runOnlyForDeploymentPostprocessing = 0;
		};
/* End PBXResourcesBuildPhase section */

/* Begin PBXSourcesBuildPhase section */
		47FF9CD32688191200D3407E /* Sources */ = {
			isa = PBXSourcesBuildPhase;
			buildActionMask = 2147483647;
			files = (
				47FF9CDF2688191200D3407E /* ViewController.swift in Sources */,
				47FF9CDB2688191200D3407E /* AppDelegate.swift in Sources */,
				47FF9CDD2688191200D3407E /* SceneDelegate.swift in Sources */,
			);
			runOnlyForDeploymentPostprocessing = 0;
		};
		47FF9CE92688191500D3407E /* Sources */ = {
			isa = PBXSourcesBuildPhase;
			buildActionMask = 2147483647;
			files = (
				47FF9CF22688191500D3407E /* TaxconverterTests.swift in Sources */,
			);
			runOnlyForDeploymentPostprocessing = 0;
		};
		47FF9CF42688191500D3407E /* Sources */ = {
			isa = PBXSourcesBuildPhase;
			buildActionMask = 2147483647;
			files = (
				47FF9CFD2688191500D3407E /* TaxconverterUITests.swift in Sources */,
			);
			runOnlyForDeploymentPostprocessing = 0;
		};
/* End PBXSourcesBuildPhase section */

/* Begin PBXTargetDependency section */
		47FF9CEF2688191500D3407E /* PBXTargetDependency */ = {
			isa = PBXTargetDependency;
			target = 47FF9CD62688191200D3407E /* Taxconverter */;
			targetProxy = 47FF9CEE2688191500D3407E /* PBXContainerItemProxy */;
		};
		47FF9CFA2688191500D3407E /* PBXTargetDependency */ = {
			isa = PBXTargetDependency;
			target = 47FF9CD62688191200D3407E /* Taxconverter */;
			targetProxy = 47FF9CF92688191500D3407E /* PBXContainerItemProxy */;
		};
/* End PBXTargetDependency section */

/* Begin PBXVariantGroup section */
		47FF9CE02688191200D3407E /* Main.storyboard */ = {
			isa = PBXVariantGroup;
			children = (
				47FF9CE12688191200D3407E /* Base */,
			);
			name = Main.storyboard;
			sourceTree = "<group>";
		};
		47FF9CE52688191500D3407E /* LaunchScreen.storyboard */ = {
			isa = PBXVariantGroup;
			children = (
				47FF9CE62688191500D3407E /* Base */,
			);
			name = LaunchScreen.storyboard;
			sourceTree = "<group>";
		};
/* End PBXVariantGroup section */

/* Begin XCBuildConfiguration section */
		47FF9CFF2688191500D3407E /* Debug */ = {
			isa = XCBuildConfiguration;
			buildSettings = {
				ALWAYS_SEARCH_USER_PATHS = NO;
				CLANG_ANALYZER_NONNULL = YES;
				CLANG_ANALYZER_NUMBER_OBJECT_CONVERSION = YES_AGGRESSIVE;
				CLANG_CXX_LANGUAGE_STANDARD = "gnu++14";
				CLANG_CXX_LIBRARY = "libc++";
				CLANG_ENABLE_MODULES = YES;
				CLANG_ENABLE_OBJC_ARC = YES;
				CLANG_ENABLE_OBJC_WEAK = YES;
				CLANG_WARN_BLOCK_CAPTURE_AUTORELEASING = YES;
				CLANG_WARN_BOOL_CONVERSION = YES;
				CLANG_WARN_COMMA = YES;
				CLANG_WARN_CONSTANT_CONVERSION = YES;
				CLANG_WARN_DEPRECATED_OBJC_IMPLEMENTATIONS = YES;
				CLANG_WARN_DIRECT_OBJC_ISA_USAGE = YES_ERROR;
				CLANG_WARN_DOCUMENTATION_COMMENTS = YES;
				CLANG_WARN_EMPTY_BODY = YES;
				CLANG_WARN_ENUM_CONVERSION = YES;
				CLANG_WARN_INFINITE_RECURSION = YES;
				CLANG_WARN_INT_CONVERSION = YES;
				CLANG_WARN_NON_LITERAL_NULL_CONVERSION = YES;
				CLANG_WARN_OBJC_IMPLICIT_RETAIN_SELF = YES;
				CLANG_WARN_OBJC_LITERAL_CONVERSION = YES;
				CLANG_WARN_OBJC_ROOT_CLASS = YES_ERROR;
				CLANG_WARN_QUOTED_INCLUDE_IN_FRAMEWORK_HEADER = YES;
				CLANG_WARN_RANGE_LOOP_ANALYSIS = YES;
				CLANG_WARN_STRICT_PROTOTYPES = YES;
				CLANG_WARN_SUSPICIOUS_MOVE = YES;
				CLANG_WARN_UNGUARDED_AVAILABILITY = YES_AGGRESSIVE;
				CLANG_WARN_UNREACHABLE_CODE = YES;
				CLANG_WARN__DUPLICATE_METHOD_MATCH = YES;
				COPY_PHASE_STRIP = NO;
				DEBUG_INFORMATION_FORMAT = dwarf;
				ENABLE_STRICT_OBJC_MSGSEND = YES;
				ENABLE_TESTABILITY = YES;
				GCC_C_LANGUAGE_STANDARD = gnu11;
				GCC_DYNAMIC_NO_PIC = NO;
				GCC_NO_COMMON_BLOCKS = YES;
				GCC_OPTIMIZATION_LEVEL = 0;
				GCC_PREPROCESSOR_DEFINITIONS = (
					"DEBUG=1",
					"$(inherited)",
				);
				GCC_WARN_64_TO_32_BIT_CONVERSION = YES;
				GCC_WARN_ABOUT_RETURN_TYPE = YES_ERROR;
				GCC_WARN_UNDECLARED_SELECTOR = YES;
				GCC_WARN_UNINITIALIZED_AUTOS = YES_AGGRESSIVE;
				GCC_WARN_UNUSED_FUNCTION = YES;
				GCC_WARN_UNUSED_VARIABLE = YES;
				IPHONEOS_DEPLOYMENT_TARGET = 14.5;
				MTL_ENABLE_DEBUG_INFO = INCLUDE_SOURCE;
				MTL_FAST_MATH = YES;
				ONLY_ACTIVE_ARCH = YES;
				SDKROOT = iphoneos;
				SWIFT_ACTIVE_COMPILATION_CONDITIONS = DEBUG;
				SWIFT_OPTIMIZATION_LEVEL = "-Onone";
			};
			name = Debug;
		};
		47FF9D002688191500D3407E /* Release */ = {
			isa = XCBuildConfiguration;
			buildSettings = {
				ALWAYS_SEARCH_USER_PATHS = NO;
				CLANG_ANALYZER_NONNULL = YES;
				CLANG_ANALYZER_NUMBER_OBJECT_CONVERSION = YES_AGGRESSIVE;
				CLANG_CXX_LANGUAGE_STANDARD = "gnu++14";
				CLANG_CXX_LIBRARY = "libc++";
				CLANG_ENABLE_MODULES = YES;
				CLANG_ENABLE_OBJC_ARC = YES;
				CLANG_ENABLE_OBJC_WEAK = YES;
				CLANG_WARN_BLOCK_CAPTURE_AUTORELEASING = YES;
				CLANG_WARN_BOOL_CONVERSION = YES;
				CLANG_WARN_COMMA = YES;
				CLANG_WARN_CONSTANT_CONVERSION = YES;
				CLANG_WARN_DEPRECATED_OBJC_IMPLEMENTATIONS = YES;
				CLANG_WARN_DIRECT_OBJC_ISA_USAGE = YES_ERROR;
				CLANG_WARN_DOCUMENTATION_COMMENTS = YES;
				CLANG_WARN_EMPTY_BODY = YES;
				CLANG_WARN_ENUM_CONVERSION = YES;
				CLANG_WARN_INFINITE_RECURSION = YES;
				CLANG_WARN_INT_CONVERSION = YES;
				CLANG_WARN_NON_LITERAL_NULL_CONVERSION = YES;
				CLANG_WARN_OBJC_IMPLICIT_RETAIN_SELF = YES;
				CLANG_WARN_OBJC_LITERAL_CONVERSION = YES;
				CLANG_WARN_OBJC_ROOT_CLASS = YES_ERROR;
				CLANG_WARN_QUOTED_INCLUDE_IN_FRAMEWORK_HEADER = YES;
				CLANG_WARN_RANGE_LOOP_ANALYSIS = YES;
				CLANG_WARN_STRICT_PROTOTYPES = YES;
				CLANG_WARN_SUSPICIOUS_MOVE = YES;
				CLANG_WARN_UNGUARDED_AVAILABILITY = YES_AGGRESSIVE;
				CLANG_WARN_UNREACHABLE_CODE = YES;
				CLANG_WARN__DUPLICATE_METHOD_MATCH = YES;
				COPY_PHASE_STRIP = NO;
				DEBUG_INFORMATION_FORMAT = "dwarf-with-dsym";
				ENABLE_NS_ASSERTIONS = NO;
				ENABLE_STRICT_OBJC_MSGSEND = YES;
				GCC_C_LANGUAGE_STANDARD = gnu11;
				GCC_NO_COMMON_BLOCKS = YES;
				GCC_WARN_64_TO_32_BIT_CONVERSION = YES;
				GCC_WARN_ABOUT_RETURN_TYPE = YES_ERROR;
				GCC_WARN_UNDECLARED_SELECTOR = YES;
				GCC_WARN_UNINITIALIZED_AUTOS = YES_AGGRESSIVE;
				GCC_WARN_UNUSED_FUNCTION = YES;
				GCC_WARN_UNUSED_VARIABLE = YES;
				IPHONEOS_DEPLOYMENT_TARGET = 14.5;
				MTL_ENABLE_DEBUG_INFO = NO;
				MTL_FAST_MATH = YES;
				SDKROOT = iphoneos;
				SWIFT_COMPILATION_MODE = wholemodule;
				SWIFT_OPTIMIZATION_LEVEL = "-O";
				VALIDATE_PRODUCT = YES;
			};
			name = Release;
		};
		47FF9D022688191500D3407E /* Debug */ = {
			isa = XCBuildConfiguration;
			buildSettings = {
				ASSETCATALOG_COMPILER_APPICON_NAME = AppIcon;
				ASSETCATALOG_COMPILER_GLOBAL_ACCENT_COLOR_NAME = AccentColor;
				CODE_SIGN_STYLE = Automatic;
				INFOPLIST_FILE = Taxconverter/Info.plist;
				LD_RUNPATH_SEARCH_PATHS = (
					"$(inherited)",
					"@executable_path/Frameworks",
				);
				PRODUCT_BUNDLE_IDENTIFIER = "Symoon-Zadid.Taxconverter";
				PRODUCT_NAME = "$(TARGET_NAME)";
				SWIFT_VERSION = 5.0;
				TARGETED_DEVICE_FAMILY = "1,2";
			};
			name = Debug;
		};
		47FF9D032688191500D3407E /* Release */ = {
			isa = XCBuildConfiguration;
			buildSettings = {
				ASSETCATALOG_COMPILER_APPICON_NAME = AppIcon;
				ASSETCATALOG_COMPILER_GLOBAL_ACCENT_COLOR_NAME = AccentColor;
				CODE_SIGN_STYLE = Automatic;
				INFOPLIST_FILE = Taxconverter/Info.plist;
				LD_RUNPATH_SEARCH_PATHS = (
					"$(inherited)",
					"@executable_path/Frameworks",
				);
				PRODUCT_BUNDLE_IDENTIFIER = "Symoon-Zadid.Taxconverter";
				PRODUCT_NAME = "$(TARGET_NAME)";
				SWIFT_VERSION = 5.0;
				TARGETED_DEVICE_FAMILY = "1,2";
			};
			name = Release;
		};
		47FF9D052688191500D3407E /* Debug */ = {
			isa = XCBuildConfiguration;
			buildSettings = {
				ALWAYS_EMBED_SWIFT_STANDARD_LIBRARIES = YES;
				BUNDLE_LOADER = "$(TEST_HOST)";
				CODE_SIGN_STYLE = Automatic;
				INFOPLIST_FILE = TaxconverterTests/Info.plist;
				IPHONEOS_DEPLOYMENT_TARGET = 14.5;
				LD_RUNPATH_SEARCH_PATHS = (
					"$(inherited)",
					"@executable_path/Frameworks",
					"@loader_path/Frameworks",
				);
				PRODUCT_BUNDLE_IDENTIFIER = "Symoon-Zadid.TaxconverterTests";
				PRODUCT_NAME = "$(TARGET_NAME)";
				SWIFT_VERSION = 5.0;
				TARGETED_DEVICE_FAMILY = "1,2";
				TEST_HOST = "$(BUILT_PRODUCTS_DIR)/Taxconverter.app/Taxconverter";
			};
			name = Debug;
		};
		47FF9D062688191500D3407E /* Release */ = {
			isa = XCBuildConfiguration;
			buildSettings = {
				ALWAYS_EMBED_SWIFT_STANDARD_LIBRARIES = YES;
				BUNDLE_LOADER = "$(TEST_HOST)";
				CODE_SIGN_STYLE = Automatic;
				INFOPLIST_FILE = TaxconverterTests/Info.plist;
				IPHONEOS_DEPLOYMENT_TARGET = 14.5;
				LD_RUNPATH_SEARCH_PATHS = (
					"$(inherited)",
					"@executable_path/Frameworks",
					"@loader_path/Frameworks",
				);
				PRODUCT_BUNDLE_IDENTIFIER = "Symoon-Zadid.TaxconverterTests";
				PRODUCT_NAME = "$(TARGET_NAME)";
				SWIFT_VERSION = 5.0;
				TARGETED_DEVICE_FAMILY = "1,2";
				TEST_HOST = "$(BUILT_PRODUCTS_DIR)/Taxconverter.app/Taxconverter";
			};
			name = Release;
		};
		47FF9D082688191500D3407E /* Debug */ = {
			isa = XCBuildConfiguration;
			buildSettings = {
				ALWAYS_EMBED_SWIFT_STANDARD_LIBRARIES = YES;
				CODE_SIGN_STYLE = Automatic;
				INFOPLIST_FILE = TaxconverterUITests/Info.plist;
				LD_RUNPATH_SEARCH_PATHS = (
					"$(inherited)",
					"@executable_path/Frameworks",
					"@loader_path/Frameworks",
				);
				PRODUCT_BUNDLE_IDENTIFIER = "Symoon-Zadid.TaxconverterUITests";
				PRODUCT_NAME = "$(TARGET_NAME)";
				SWIFT_VERSION = 5.0;
				TARGETED_DEVICE_FAMILY = "1,2";
				TEST_TARGET_NAME = Taxconverter;
			};
			name = Debug;
		};
		47FF9D092688191500D3407E /* Release */ = {
			isa = XCBuildConfiguration;
			buildSettings = {
				ALWAYS_EMBED_SWIFT_STANDARD_LIBRARIES = YES;
				CODE_SIGN_STYLE = Automatic;
				INFOPLIST_FILE = TaxconverterUITests/Info.plist;
				LD_RUNPATH_SEARCH_PATHS = (
					"$(inherited)",
					"@executable_path/Frameworks",
					"@loader_path/Frameworks",
				);
				PRODUCT_BUNDLE_IDENTIFIER = "Symoon-Zadid.TaxconverterUITests";
				PRODUCT_NAME = "$(TARGET_NAME)";
				SWIFT_VERSION = 5.0;
				TARGETED_DEVICE_FAMILY = "1,2";
				TEST_TARGET_NAME = Taxconverter;
			};
			name = Release;
		};
/* End XCBuildConfiguration section */

/* Begin XCConfigurationList section */
		47FF9CD22688191200D3407E /* Build configuration list for PBXProject "Taxconverter" */ = {
			isa = XCConfigurationList;
			buildConfigurations = (
				47FF9CFF2688191500D3407E /* Debug */,
				47FF9D002688191500D3407E /* Release */,
			);
			defaultConfigurationIsVisible = 0;
			defaultConfigurationName = Release;
		};
		47FF9D012688191500D3407E /* Build configuration list for PBXNativeTarget "Taxconverter" */ = {
			isa = XCConfigurationList;
			buildConfigurations = (
				47FF9D022688191500D3407E /* Debug */,
				47FF9D032688191500D3407E /* Release */,
			);
			defaultConfigurationIsVisible = 0;
			defaultConfigurationName = Release;
		};
		47FF9D042688191500D3407E /* Build configuration list for PBXNativeTarget "TaxconverterTests" */ = {
			isa = XCConfigurationList;
			buildConfigurations = (
				47FF9D052688191500D3407E /* Debug */,
				47FF9D062688191500D3407E /* Release */,
			);
			defaultConfigurationIsVisible = 0;
			defaultConfigurationName = Release;
		};
		47FF9D072688191500D3407E /* Build configuration list for PBXNativeTarget "TaxconverterUITests" */ = {
			isa = XCConfigurationList;
			buildConfigurations = (
				47FF9D082688191500D3407E /* Debug */,
				47FF9D092688191500D3407E /* Release */,
			);
			defaultConfigurationIsVisible = 0;
			defaultConfigurationName = Release;
		};
/* End XCConfigurationList section */
	};
	rootObject = 47FF9CCF2688191200D3407E /* Project object */;
}
